
Microsoft Visual Studio Solution File, Format Version 12.00
# Visual Studio Version 16
VisualStudioVersion = 16.0.31624.102
MinimumVisualStudioVersion = 10.0.40219.1
Project("{888888A0-9F3D-457C-B088-3A5042F75D52}") = "Laba-Python", "Laba-Python.pyproj", "{B2E2A137-2224-439F-AC9C-BEA5C195E0AF}"
EndProject
Global
	GlobalSection(SolutionConfigurationPlatforms) = preSolution
		Debug|Any CPU = Debug|Any CPU
		Release|Any CPU = Release|Any CPU
	EndGlobalSection
	GlobalSection(ProjectConfigurationPlatforms) = postSolution
		{B2E2A137-2224-439F-AC9C-BEA5C195E0AF}.Debug|Any CPU.ActiveCfg = Debug|Any CPU
		{B2E2A137-2224-439F-AC9C-BEA5C195E0AF}.Release|Any CPU.ActiveCfg = Release|Any CPU
	EndGlobalSection
	GlobalSection(SolutionProperties) = preSolution
		HideSolutionNode = FALSE
	EndGlobalSection
	GlobalSection(ExtensibilityGlobals) = postSolution
		SolutionGuid = {D2C6506E-5391-41DF-83B4-3EE49D9B50E9}
	EndGlobalSection
EndGlobal
